
Microsoft Visual Studio Solution File, Format Version 12.00
# Visual Studio 15
Project("{FAE04EC0-301F-11D3-BF4B-00C04F79EFBC}") = "1.IntroToOOP", "1.IntroToOOP\1.IntroToOOP.csproj", "{9CDBDC81-445F-42CC-A41C-A47E7FE6C6CF}"
EndProject
Global
	GlobalSection(SolutionConfigurationPlatforms) = preSolution
		Debug|Any CPU = Debug|Any CPU
		Release|Any CPU = Release|Any CPU
	EndGlobalSection
	GlobalSection(ProjectConfigurationPlatforms) = postSolution
		{9CDBDC81-445F-42CC-A41C-A47E7FE6C6CF}.Debug|Any CPU.ActiveCfg = Debug|Any CPU
		{9CDBDC81-445F-42CC-A41C-A47E7FE6C6CF}.Debug|Any CPU.Build.0 = Debug|Any CPU
		{9CDBDC81-445F-42CC-A41C-A47E7FE6C6CF}.Release|Any CPU.ActiveCfg = Release|Any CPU
		{9CDBDC81-445F-42CC-A41C-A47E7FE6C6CF}.Release|Any CPU.Build.0 = Release|Any CPU
	EndGlobalSection
EndGlobal
